
Microsoft Visual Studio Solution File, Format Version 12.00
# Visual Studio Version 17
VisualStudioVersion = 17.9.34622.214
MinimumVisualStudioVersion = 10.0.40219.1
Project("{FAE04EC0-301F-11D3-BF4B-00C04F79EFBC}") = "ConsoleMovies", "ConsoleMovies\ConsoleMovies.csproj", "{E273480B-20CC-4A5F-B296-429CEF76790E}"
EndProject
Project("{FAE04EC0-301F-11D3-BF4B-00C04F79EFBC}") = "BenchmarkConsoleMovies", "BenchmarkConsoleMovies\BenchmarkConsoleMovies.csproj", "{1D73C91B-8AB6-4B8E-BCBA-AECEDAA84ED4}"
EndProject
Global
	GlobalSection(SolutionConfigurationPlatforms) = preSolution
		Debug|Any CPU = Debug|Any CPU
		Release|Any CPU = Release|Any CPU
	EndGlobalSection
	GlobalSection(ProjectConfigurationPlatforms) = postSolution
		{E273480B-20CC-4A5F-B296-429CEF76790E}.Debug|Any CPU.ActiveCfg = Debug|Any CPU
		{E273480B-20CC-4A5F-B296-429CEF76790E}.Debug|Any CPU.Build.0 = Debug|Any CPU
		{E273480B-20CC-4A5F-B296-429CEF76790E}.Release|Any CPU.ActiveCfg = Release|Any CPU
		{E273480B-20CC-4A5F-B296-429CEF76790E}.Release|Any CPU.Build.0 = Release|Any CPU
		{1D73C91B-8AB6-4B8E-BCBA-AECEDAA84ED4}.Debug|Any CPU.ActiveCfg = Debug|Any CPU
		{1D73C91B-8AB6-4B8E-BCBA-AECEDAA84ED4}.Debug|Any CPU.Build.0 = Debug|Any CPU
		{1D73C91B-8AB6-4B8E-BCBA-AECEDAA84ED4}.Release|Any CPU.ActiveCfg = Release|Any CPU
		{1D73C91B-8AB6-4B8E-BCBA-AECEDAA84ED4}.Release|Any CPU.Build.0 = Release|Any CPU
	EndGlobalSection
	GlobalSection(SolutionProperties) = preSolution
		HideSolutionNode = FALSE
	EndGlobalSection
	GlobalSection(ExtensibilityGlobals) = postSolution
		SolutionGuid = {9EAF96EF-CA34-4BE6-B85F-454105914E7B}
	EndGlobalSection
EndGlobal
